
Microsoft Visual Studio Solution File, Format Version 12.00
# Visual Studio 14
VisualStudioVersion = 14.0.25420.1
MinimumVisualStudioVersion = 10.0.40219.1
Project("{FAE04EC0-301F-11D3-BF4B-00C04F79EFBC}") = "HTTPServerTest", "HTTPServerTest\HTTPServerTest.csproj", "{E40D9F8B-91A9-40B9-9170-851EF50E7735}"
EndProject
Project("{FAE04EC0-301F-11D3-BF4B-00C04F79EFBC}") = "FAtiMA-HTTPServer", "FAtiMA-HTTPServer\FAtiMA-HTTPServer.csproj", "{553EE741-6D37-47B4-A616-A4DD4F89DA81}"
EndProject
Global
	GlobalSection(SolutionConfigurationPlatforms) = preSolution
		Debug|Any CPU = Debug|Any CPU
		Release|Any CPU = Release|Any CPU
	EndGlobalSection
	GlobalSection(ProjectConfigurationPlatforms) = postSolution
		{E40D9F8B-91A9-40B9-9170-851EF50E7735}.Debug|Any CPU.ActiveCfg = Debug|Any CPU
		{E40D9F8B-91A9-40B9-9170-851EF50E7735}.Debug|Any CPU.Build.0 = Debug|Any CPU
		{E40D9F8B-91A9-40B9-9170-851EF50E7735}.Release|Any CPU.ActiveCfg = Release|Any CPU
		{E40D9F8B-91A9-40B9-9170-851EF50E7735}.Release|Any CPU.Build.0 = Release|Any CPU
		{553EE741-6D37-47B4-A616-A4DD4F89DA81}.Debug|Any CPU.ActiveCfg = Debug|Any CPU
		{553EE741-6D37-47B4-A616-A4DD4F89DA81}.Debug|Any CPU.Build.0 = Debug|Any CPU
		{553EE741-6D37-47B4-A616-A4DD4F89DA81}.Release|Any CPU.ActiveCfg = Release|Any CPU
		{553EE741-6D37-47B4-A616-A4DD4F89DA81}.Release|Any CPU.Build.0 = Release|Any CPU
	EndGlobalSection
	GlobalSection(SolutionProperties) = preSolution
		HideSolutionNode = FALSE
	EndGlobalSection
EndGlobal
