
Microsoft Visual Studio Solution File, Format Version 12.00
# Visual Studio 15
VisualStudioVersion = 15.0.27004.2005
MinimumVisualStudioVersion = 10.0.40219.1
Project("{FAE04EC0-301F-11D3-BF4B-00C04F79EFBC}") = "FAtiMA-Server", "FAtiMA-Server\FAtiMA-Server.csproj", "{4C4318FA-4635-449F-8E35-0BCA27E31C34}"
EndProject
Project("{2150E333-8FDC-42A3-9474-1A3956D46DE8}") = "FAtiMA-DST1", "FAtiMA-DST1", "{F87C9B14-41F9-43BF-8C29-99BC702711E7}"
EndProject
Project("{2150E333-8FDC-42A3-9474-1A3956D46DE8}") = "scripts", "scripts", "{9B8A5E88-0E67-4162-BDF8-85A3C8C75AC9}"
EndProject
Project("{2150E333-8FDC-42A3-9474-1A3956D46DE8}") = "behaviours", "behaviours", "{7079BA75-B85D-4F57-A5A1-93EC1A661CFE}"
EndProject
Project("{2150E333-8FDC-42A3-9474-1A3956D46DE8}") = "brains", "brains", "{7C19A28F-D506-453C-AEDD-B327A0397B92}"
	ProjectSection(SolutionItems) = preProject
		FAtiMA-DST\scripts\brains\walterbrain.lua = FAtiMA-DST\scripts\brains\walterbrain.lua
	EndProjectSection
EndProject
Project("{2150E333-8FDC-42A3-9474-1A3956D46DE8}") = "components", "components", "{4615D512-FC61-4BDC-A900-4B540A2075A9}"
	ProjectSection(SolutionItems) = preProject
		FAtiMA-DST\scripts\components\deliberator.lua = FAtiMA-DST\scripts\components\deliberator.lua
	EndProjectSection
EndProject
Global
	GlobalSection(SolutionConfigurationPlatforms) = preSolution
		Debug|Any CPU = Debug|Any CPU
		Release|Any CPU = Release|Any CPU
	EndGlobalSection
	GlobalSection(ProjectConfigurationPlatforms) = postSolution
		{4C4318FA-4635-449F-8E35-0BCA27E31C34}.Debug|Any CPU.ActiveCfg = Debug|Any CPU
		{4C4318FA-4635-449F-8E35-0BCA27E31C34}.Debug|Any CPU.Build.0 = Debug|Any CPU
		{4C4318FA-4635-449F-8E35-0BCA27E31C34}.Release|Any CPU.ActiveCfg = Release|Any CPU
		{4C4318FA-4635-449F-8E35-0BCA27E31C34}.Release|Any CPU.Build.0 = Release|Any CPU
	EndGlobalSection
	GlobalSection(SolutionProperties) = preSolution
		HideSolutionNode = FALSE
	EndGlobalSection
	GlobalSection(NestedProjects) = preSolution
		{9B8A5E88-0E67-4162-BDF8-85A3C8C75AC9} = {F87C9B14-41F9-43BF-8C29-99BC702711E7}
		{7079BA75-B85D-4F57-A5A1-93EC1A661CFE} = {9B8A5E88-0E67-4162-BDF8-85A3C8C75AC9}
		{7C19A28F-D506-453C-AEDD-B327A0397B92} = {9B8A5E88-0E67-4162-BDF8-85A3C8C75AC9}
		{4615D512-FC61-4BDC-A900-4B540A2075A9} = {9B8A5E88-0E67-4162-BDF8-85A3C8C75AC9}
	EndGlobalSection
	GlobalSection(ExtensibilityGlobals) = postSolution
		SolutionGuid = {2EEEE335-245C-4FFC-856F-EFC7B37C33CF}
	EndGlobalSection
EndGlobal
